
Microsoft Visual Studio Solution File, Format Version 12.00
# Visual Studio for Mac
Project("{FAE04EC0-301F-11D3-BF4B-00C04F79EFBC}") = "Assembly-CSharp", "Assembly-CSharp.csproj", "{54323CC1-1D0E-8CFC-BB59-F72AADAFCC87}"
EndProject
Project("{FAE04EC0-301F-11D3-BF4B-00C04F79EFBC}") = "Assembly-CSharp-firstpass", "Assembly-CSharp-firstpass.csproj", "{8259042F-1015-DF63-4010-3A15B9947171}"
EndProject
Project("{FAE04EC0-301F-11D3-BF4B-00C04F79EFBC}") = "Assembly-CSharp-Editor-firstpass", "Assembly-CSharp-Editor-firstpass.csproj", "{55B8F417-7D00-F830-74F1-427A797EC154}"
EndProject
Project("{FAE04EC0-301F-11D3-BF4B-00C04F79EFBC}") = "Assembly-CSharp-Editor", "Assembly-CSharp-Editor.csproj", "{262C409C-523E-C288-3436-0ED27A867B9E}"
EndProject
Global
	GlobalSection(SolutionConfigurationPlatforms) = preSolution
		Debug|Any CPU = Debug|Any CPU
		Release|Any CPU = Release|Any CPU
	EndGlobalSection
	GlobalSection(ProjectConfigurationPlatforms) = postSolution
		{54323CC1-1D0E-8CFC-BB59-F72AADAFCC87}.Debug|Any CPU.ActiveCfg = Debug|Any CPU
		{54323CC1-1D0E-8CFC-BB59-F72AADAFCC87}.Debug|Any CPU.Build.0 = Debug|Any CPU
		{54323CC1-1D0E-8CFC-BB59-F72AADAFCC87}.Release|Any CPU.ActiveCfg = Release|Any CPU
		{54323CC1-1D0E-8CFC-BB59-F72AADAFCC87}.Release|Any CPU.Build.0 = Release|Any CPU
		{8259042F-1015-DF63-4010-3A15B9947171}.Debug|Any CPU.ActiveCfg = Debug|Any CPU
		{8259042F-1015-DF63-4010-3A15B9947171}.Debug|Any CPU.Build.0 = Debug|Any CPU
		{8259042F-1015-DF63-4010-3A15B9947171}.Release|Any CPU.ActiveCfg = Release|Any CPU
		{8259042F-1015-DF63-4010-3A15B9947171}.Release|Any CPU.Build.0 = Release|Any CPU
		{55B8F417-7D00-F830-74F1-427A797EC154}.Debug|Any CPU.ActiveCfg = Debug|Any CPU
		{55B8F417-7D00-F830-74F1-427A797EC154}.Debug|Any CPU.Build.0 = Debug|Any CPU
		{55B8F417-7D00-F830-74F1-427A797EC154}.Release|Any CPU.ActiveCfg = Release|Any CPU
		{55B8F417-7D00-F830-74F1-427A797EC154}.Release|Any CPU.Build.0 = Release|Any CPU
		{262C409C-523E-C288-3436-0ED27A867B9E}.Debug|Any CPU.ActiveCfg = Debug|Any CPU
		{262C409C-523E-C288-3436-0ED27A867B9E}.Debug|Any CPU.Build.0 = Debug|Any CPU
		{262C409C-523E-C288-3436-0ED27A867B9E}.Release|Any CPU.ActiveCfg = Release|Any CPU
		{262C409C-523E-C288-3436-0ED27A867B9E}.Release|Any CPU.Build.0 = Release|Any CPU
	EndGlobalSection
	GlobalSection(SolutionProperties) = preSolution
		HideSolutionNode = FALSE
	EndGlobalSection
EndGlobal
